{
  "originHash" : "29ce68f529d40e20dc6eb342067179afa6560e1a4919e3ed40ccd0de971bf883",
  "pins" : [
    {
      "identity" : "alamofire",
      "kind" : "remoteSourceControl",
      "location" : "https://github.com/Alamofire/Alamofire.git",
      "state" : {
        "revision" : "f455c2975872ccd2d9c81594c658af65716e9b9a",
        "version" : "5.9.1"
      }
    },
    {
      "identity" : "toastui",
      "kind" : "remoteSourceControl",
      "location" : "https://github.com/quanshousio/ToastUI.git",
      "state" : {
        "revision" : "1828801ea49e2ab900ca5e6bb18245312fda66a2",
        "version" : "3.0.1"
      }
    }
  ],
  "version" : 3
}
