// !$*UTF8*$!
{
	archiveVersion = 1;
	classes = {
	};
	objectVersion = 56;
	objects = {

/* Begin PBXBuildFile section */
		D626385C2C207DB100AFE74A /* SwiftUI_Datawise_AssignmentApp.swift in Sources */ = {isa = PBXBuildFile; fileRef = D626385B2C207DB100AFE74A /* SwiftUI_Datawise_AssignmentApp.swift */; };
		D626385E2C207DB100AFE74A /* ContentView.swift in Sources */ = {isa = PBXBuildFile; fileRef = D626385D2C207DB100AFE74A /* ContentView.swift */; };
		D62638602C207DB300AFE74A /* Assets.xcassets in Resources */ = {isa = PBXBuildFile; fileRef = D626385F2C207DB300AFE74A /* Assets.xcassets */; };
		D62638632C207DB300AFE74A /* Preview Assets.xcassets in Resources */ = {isa = PBXBuildFile; fileRef = D62638622C207DB300AFE74A /* Preview Assets.xcassets */; };
		D626386D2C207DB300AFE74A /* SwiftUI_Datawise_AssignmentTests.swift in Sources */ = {isa = PBXBuildFile; fileRef = D626386C2C207DB300AFE74A /* SwiftUI_Datawise_AssignmentTests.swift */; };
		D62638772C207DB300AFE74A /* SwiftUI_Datawise_AssignmentUITests.swift in Sources */ = {isa = PBXBuildFile; fileRef = D62638762C207DB300AFE74A /* SwiftUI_Datawise_AssignmentUITests.swift */; };
		D62638792C207DB300AFE74A /* SwiftUI_Datawise_AssignmentUITestsLaunchTests.swift in Sources */ = {isa = PBXBuildFile; fileRef = D62638782C207DB300AFE74A /* SwiftUI_Datawise_AssignmentUITestsLaunchTests.swift */; };
		D680D5272C222460001F93CE /* FetchWeatherDataViewModel.swift in Sources */ = {isa = PBXBuildFile; fileRef = D680D5262C222460001F93CE /* FetchWeatherDataViewModel.swift */; };
		D685CDCF2C21A0F800C8B885 /* WeatherDayView.swift in Sources */ = {isa = PBXBuildFile; fileRef = D685CDCE2C21A0F800C8B885 /* WeatherDayView.swift */; };
		D685CDD12C21A12800C8B885 /* BackgroundView.swift in Sources */ = {isa = PBXBuildFile; fileRef = D685CDD02C21A12800C8B885 /* BackgroundView.swift */; };
		D685CDD82C21A1E900C8B885 /* WeatherDay.swift in Sources */ = {isa = PBXBuildFile; fileRef = D685CDD72C21A1E900C8B885 /* WeatherDay.swift */; };
		D685CDDA2C21A20700C8B885 /* WeatherButton.swift in Sources */ = {isa = PBXBuildFile; fileRef = D685CDD92C21A20700C8B885 /* WeatherButton.swift */; };
		D685CDDF2C21B27300C8B885 /* Model.swift in Sources */ = {isa = PBXBuildFile; fileRef = D685CDDE2C21B27200C8B885 /* Model.swift */; };
		D685CDE22C21B3E900C8B885 /* Alamofire in Frameworks */ = {isa = PBXBuildFile; productRef = D685CDE12C21B3E900C8B885 /* Alamofire */; };
		D687506D2C231AFD00068456 /* GridModel.swift in Sources */ = {isa = PBXBuildFile; fileRef = D687506C2C231AFD00068456 /* GridModel.swift */; };
		D68B338D2C22B412001E623C /* ChartView.swift in Sources */ = {isa = PBXBuildFile; fileRef = D68B338C2C22B412001E623C /* ChartView.swift */; };
		D68B33922C22C8E4001E623C /* ToastUI in Frameworks */ = {isa = PBXBuildFile; productRef = D68B33912C22C8E4001E623C /* ToastUI */; };
		D68B33942C22D2D2001E623C /* CurrentDayWeather.swift in Sources */ = {isa = PBXBuildFile; fileRef = D68B33932C22D2D2001E623C /* CurrentDayWeather.swift */; };
		D69B38A52C2371FC0038E8DE /* LaunchScreen.storyboard in Resources */ = {isa = PBXBuildFile; fileRef = D69B38A42C2371FC0038E8DE /* LaunchScreen.storyboard */; };
		D69C0AA62C21CBF100522244 /* RequestBuilder.swift in Sources */ = {isa = PBXBuildFile; fileRef = D69C0AA52C21CBF100522244 /* RequestBuilder.swift */; };
		D69C0AA82C21CC2200522244 /* FetchWeatherData.swift in Sources */ = {isa = PBXBuildFile; fileRef = D69C0AA72C21CC2200522244 /* FetchWeatherData.swift */; };
		D69C0AAA2C21D7A600522244 /* Helper.swift in Sources */ = {isa = PBXBuildFile; fileRef = D69C0AA92C21D7A600522244 /* Helper.swift */; };
		D6EA96AC2C36D27C004AAADA /* ArrowsView.swift in Sources */ = {isa = PBXBuildFile; fileRef = D6EA96AB2C36D27C004AAADA /* ArrowsView.swift */; };
		D6EA96AE2C36D405004AAADA /* StatusWeather.swift in Sources */ = {isa = PBXBuildFile; fileRef = D6EA96AD2C36D405004AAADA /* StatusWeather.swift */; };
		D6EA96B02C36D56A004AAADA /* BottomChartView.swift in Sources */ = {isa = PBXBuildFile; fileRef = D6EA96AF2C36D56A004AAADA /* BottomChartView.swift */; };
		D6EA96B22C36D69A004AAADA /* BottomButton.swift in Sources */ = {isa = PBXBuildFile; fileRef = D6EA96B12C36D69A004AAADA /* BottomButton.swift */; };
		D6EA96B42C36D6DC004AAADA /* ConditionWeather.swift in Sources */ = {isa = PBXBuildFile; fileRef = D6EA96B32C36D6DC004AAADA /* ConditionWeather.swift */; };
/* End PBXBuildFile section */

/* Begin PBXContainerItemProxy section */
		D62638692C207DB300AFE74A /* PBXContainerItemProxy */ = {
			isa = PBXContainerItemProxy;
			containerPortal = D62638502C207DB100AFE74A /* Project object */;
			proxyType = 1;
			remoteGlobalIDString = D62638572C207DB100AFE74A;
			remoteInfo = SwiftUI_Datawise_Assignment;
		};
		D62638732C207DB300AFE74A /* PBXContainerItemProxy */ = {
			isa = PBXContainerItemProxy;
			containerPortal = D62638502C207DB100AFE74A /* Project object */;
			proxyType = 1;
			remoteGlobalIDString = D62638572C207DB100AFE74A;
			remoteInfo = SwiftUI_Datawise_Assignment;
		};
/* End PBXContainerItemProxy section */

/* Begin PBXFileReference section */
		D62638582C207DB100AFE74A /* SwiftUI_Datawise_Assignment.app */ = {isa = PBXFileReference; explicitFileType = wrapper.application; includeInIndex = 0; path = SwiftUI_Datawise_Assignment.app; sourceTree = BUILT_PRODUCTS_DIR; };
		D626385B2C207DB100AFE74A /* SwiftUI_Datawise_AssignmentApp.swift */ = {isa = PBXFileReference; lastKnownFileType = sourcecode.swift; path = SwiftUI_Datawise_AssignmentApp.swift; sourceTree = "<group>"; };
		D626385D2C207DB100AFE74A /* ContentView.swift */ = {isa = PBXFileReference; lastKnownFileType = sourcecode.swift; path = ContentView.swift; sourceTree = "<group>"; };
		D626385F2C207DB300AFE74A /* Assets.xcassets */ = {isa = PBXFileReference; lastKnownFileType = folder.assetcatalog; path = Assets.xcassets; sourceTree = "<group>"; };
		D62638622C207DB300AFE74A /* Preview Assets.xcassets */ = {isa = PBXFileReference; lastKnownFileType = folder.assetcatalog; path = "Preview Assets.xcassets"; sourceTree = "<group>"; };
		D62638682C207DB300AFE74A /* SwiftUI_Datawise_AssignmentTests.xctest */ = {isa = PBXFileReference; explicitFileType = wrapper.cfbundle; includeInIndex = 0; path = SwiftUI_Datawise_AssignmentTests.xctest; sourceTree = BUILT_PRODUCTS_DIR; };
		D626386C2C207DB300AFE74A /* SwiftUI_Datawise_AssignmentTests.swift */ = {isa = PBXFileReference; lastKnownFileType = sourcecode.swift; path = SwiftUI_Datawise_AssignmentTests.swift; sourceTree = "<group>"; };
		D62638722C207DB300AFE74A /* SwiftUI_Datawise_AssignmentUITests.xctest */ = {isa = PBXFileReference; explicitFileType = wrapper.cfbundle; includeInIndex = 0; path = SwiftUI_Datawise_AssignmentUITests.xctest; sourceTree = BUILT_PRODUCTS_DIR; };
		D62638762C207DB300AFE74A /* SwiftUI_Datawise_AssignmentUITests.swift */ = {isa = PBXFileReference; lastKnownFileType = sourcecode.swift; path = SwiftUI_Datawise_AssignmentUITests.swift; sourceTree = "<group>"; };
		D62638782C207DB300AFE74A /* SwiftUI_Datawise_AssignmentUITestsLaunchTests.swift */ = {isa = PBXFileReference; lastKnownFileType = sourcecode.swift; path = SwiftUI_Datawise_AssignmentUITestsLaunchTests.swift; sourceTree = "<group>"; };
		D680D5262C222460001F93CE /* FetchWeatherDataViewModel.swift */ = {isa = PBXFileReference; lastKnownFileType = sourcecode.swift; path = FetchWeatherDataViewModel.swift; sourceTree = "<group>"; };
		D685CDCE2C21A0F800C8B885 /* WeatherDayView.swift */ = {isa = PBXFileReference; lastKnownFileType = sourcecode.swift; path = WeatherDayView.swift; sourceTree = "<group>"; };
		D685CDD02C21A12800C8B885 /* BackgroundView.swift */ = {isa = PBXFileReference; lastKnownFileType = sourcecode.swift; path = BackgroundView.swift; sourceTree = "<group>"; };
		D685CDD72C21A1E900C8B885 /* WeatherDay.swift */ = {isa = PBXFileReference; lastKnownFileType = sourcecode.swift; path = WeatherDay.swift; sourceTree = "<group>"; };
		D685CDD92C21A20700C8B885 /* WeatherButton.swift */ = {isa = PBXFileReference; lastKnownFileType = sourcecode.swift; path = WeatherButton.swift; sourceTree = "<group>"; };
		D685CDDB2C21A63A00C8B885 /* SwiftUI-Datawise-Assignment-Info.plist */ = {isa = PBXFileReference; lastKnownFileType = text.plist; path = "SwiftUI-Datawise-Assignment-Info.plist"; sourceTree = SOURCE_ROOT; };
		D685CDDE2C21B27200C8B885 /* Model.swift */ = {isa = PBXFileReference; lastKnownFileType = sourcecode.swift; path = Model.swift; sourceTree = "<group>"; };
		D687506C2C231AFD00068456 /* GridModel.swift */ = {isa = PBXFileReference; lastKnownFileType = sourcecode.swift; path = GridModel.swift; sourceTree = "<group>"; };
		D68B338C2C22B412001E623C /* ChartView.swift */ = {isa = PBXFileReference; lastKnownFileType = sourcecode.swift; path = ChartView.swift; sourceTree = "<group>"; };
		D68B33932C22D2D2001E623C /* CurrentDayWeather.swift */ = {isa = PBXFileReference; lastKnownFileType = sourcecode.swift; path = CurrentDayWeather.swift; sourceTree = "<group>"; };
		D69B38A42C2371FC0038E8DE /* LaunchScreen.storyboard */ = {isa = PBXFileReference; lastKnownFileType = file.storyboard; path = LaunchScreen.storyboard; sourceTree = "<group>"; };
		D69C0AA52C21CBF100522244 /* RequestBuilder.swift */ = {isa = PBXFileReference; lastKnownFileType = sourcecode.swift; path = RequestBuilder.swift; sourceTree = "<group>"; };
		D69C0AA72C21CC2200522244 /* FetchWeatherData.swift */ = {isa = PBXFileReference; lastKnownFileType = sourcecode.swift; path = FetchWeatherData.swift; sourceTree = "<group>"; };
		D69C0AA92C21D7A600522244 /* Helper.swift */ = {isa = PBXFileReference; lastKnownFileType = sourcecode.swift; path = Helper.swift; sourceTree = "<group>"; };
		D6EA96AB2C36D27C004AAADA /* ArrowsView.swift */ = {isa = PBXFileReference; lastKnownFileType = sourcecode.swift; path = ArrowsView.swift; sourceTree = "<group>"; };
		D6EA96AD2C36D405004AAADA /* StatusWeather.swift */ = {isa = PBXFileReference; lastKnownFileType = sourcecode.swift; path = StatusWeather.swift; sourceTree = "<group>"; };
		D6EA96AF2C36D56A004AAADA /* BottomChartView.swift */ = {isa = PBXFileReference; lastKnownFileType = sourcecode.swift; path = BottomChartView.swift; sourceTree = "<group>"; };
		D6EA96B12C36D69A004AAADA /* BottomButton.swift */ = {isa = PBXFileReference; lastKnownFileType = sourcecode.swift; path = BottomButton.swift; sourceTree = "<group>"; };
		D6EA96B32C36D6DC004AAADA /* ConditionWeather.swift */ = {isa = PBXFileReference; lastKnownFileType = sourcecode.swift; path = ConditionWeather.swift; sourceTree = "<group>"; };
/* End PBXFileReference section */

/* Begin PBXFrameworksBuildPhase section */
		D62638552C207DB100AFE74A /* Frameworks */ = {
			isa = PBXFrameworksBuildPhase;
			buildActionMask = 2147483647;
			files = (
				D68B33922C22C8E4001E623C /* ToastUI in Frameworks */,
				D685CDE22C21B3E900C8B885 /* Alamofire in Frameworks */,
			);
			runOnlyForDeploymentPostprocessing = 0;
		};
		D62638652C207DB300AFE74A /* Frameworks */ = {
			isa = PBXFrameworksBuildPhase;
			buildActionMask = 2147483647;
			files = (
			);
			runOnlyForDeploymentPostprocessing = 0;
		};
		D626386F2C207DB300AFE74A /* Frameworks */ = {
			isa = PBXFrameworksBuildPhase;
			buildActionMask = 2147483647;
			files = (
			);
			runOnlyForDeploymentPostprocessing = 0;
		};
/* End PBXFrameworksBuildPhase section */

/* Begin PBXGroup section */
		D626384F2C207DB100AFE74A = {
			isa = PBXGroup;
			children = (
				D626385A2C207DB100AFE74A /* SwiftUI_Datawise_Assignment */,
				D626386B2C207DB300AFE74A /* SwiftUI_Datawise_AssignmentTests */,
				D62638752C207DB300AFE74A /* SwiftUI_Datawise_AssignmentUITests */,
				D62638592C207DB100AFE74A /* Products */,
			);
			sourceTree = "<group>";
		};
		D62638592C207DB100AFE74A /* Products */ = {
			isa = PBXGroup;
			children = (
				D62638582C207DB100AFE74A /* SwiftUI_Datawise_Assignment.app */,
				D62638682C207DB300AFE74A /* SwiftUI_Datawise_AssignmentTests.xctest */,
				D62638722C207DB300AFE74A /* SwiftUI_Datawise_AssignmentUITests.xctest */,
			);
			name = Products;
			sourceTree = "<group>";
		};
		D626385A2C207DB100AFE74A /* SwiftUI_Datawise_Assignment */ = {
			isa = PBXGroup;
			children = (
				D680D5252C222443001F93CE /* ViewModel */,
				D69C0AA42C21CBD300522244 /* Helper */,
				D685CDE32C21B3F300C8B885 /* APIManager */,
				D685CDDB2C21A63A00C8B885 /* SwiftUI-Datawise-Assignment-Info.plist */,
				D685CDD62C21A1CE00C8B885 /* Model */,
				D685CDCD2C21A0E400C8B885 /* View */,
				D626385B2C207DB100AFE74A /* SwiftUI_Datawise_AssignmentApp.swift */,
				D626385D2C207DB100AFE74A /* ContentView.swift */,
				D626385F2C207DB300AFE74A /* Assets.xcassets */,
				D62638612C207DB300AFE74A /* Preview Content */,
				D69B38A42C2371FC0038E8DE /* LaunchScreen.storyboard */,
			);
			path = SwiftUI_Datawise_Assignment;
			sourceTree = "<group>";
		};
		D62638612C207DB300AFE74A /* Preview Content */ = {
			isa = PBXGroup;
			children = (
				D62638622C207DB300AFE74A /* Preview Assets.xcassets */,
			);
			path = "Preview Content";
			sourceTree = "<group>";
		};
		D626386B2C207DB300AFE74A /* SwiftUI_Datawise_AssignmentTests */ = {
			isa = PBXGroup;
			children = (
				D626386C2C207DB300AFE74A /* SwiftUI_Datawise_AssignmentTests.swift */,
			);
			path = SwiftUI_Datawise_AssignmentTests;
			sourceTree = "<group>";
		};
		D62638752C207DB300AFE74A /* SwiftUI_Datawise_AssignmentUITests */ = {
			isa = PBXGroup;
			children = (
				D62638762C207DB300AFE74A /* SwiftUI_Datawise_AssignmentUITests.swift */,
				D62638782C207DB300AFE74A /* SwiftUI_Datawise_AssignmentUITestsLaunchTests.swift */,
			);
			path = SwiftUI_Datawise_AssignmentUITests;
			sourceTree = "<group>";
		};
		D680D5252C222443001F93CE /* ViewModel */ = {
			isa = PBXGroup;
			children = (
				D680D5262C222460001F93CE /* FetchWeatherDataViewModel.swift */,
			);
			path = ViewModel;
			sourceTree = "<group>";
		};
		D685CDCD2C21A0E400C8B885 /* View */ = {
			isa = PBXGroup;
			children = (
				D685CDCE2C21A0F800C8B885 /* WeatherDayView.swift */,
				D685CDD02C21A12800C8B885 /* BackgroundView.swift */,
				D685CDD92C21A20700C8B885 /* WeatherButton.swift */,
				D68B338C2C22B412001E623C /* ChartView.swift */,
				D6EA96AB2C36D27C004AAADA /* ArrowsView.swift */,
				D6EA96AD2C36D405004AAADA /* StatusWeather.swift */,
				D6EA96AF2C36D56A004AAADA /* BottomChartView.swift */,
				D6EA96B12C36D69A004AAADA /* BottomButton.swift */,
				D6EA96B32C36D6DC004AAADA /* ConditionWeather.swift */,
			);
			path = View;
			sourceTree = "<group>";
		};
		D685CDD62C21A1CE00C8B885 /* Model */ = {
			isa = PBXGroup;
			children = (
				D685CDD72C21A1E900C8B885 /* WeatherDay.swift */,
				D685CDDE2C21B27200C8B885 /* Model.swift */,
				D68B33932C22D2D2001E623C /* CurrentDayWeather.swift */,
				D687506C2C231AFD00068456 /* GridModel.swift */,
			);
			path = Model;
			sourceTree = "<group>";
		};
		D685CDE32C21B3F300C8B885 /* APIManager */ = {
			isa = PBXGroup;
			children = (
				D69C0AA72C21CC2200522244 /* FetchWeatherData.swift */,
			);
			path = APIManager;
			sourceTree = "<group>";
		};
		D69C0AA42C21CBD300522244 /* Helper */ = {
			isa = PBXGroup;
			children = (
				D69C0AA52C21CBF100522244 /* RequestBuilder.swift */,
				D69C0AA92C21D7A600522244 /* Helper.swift */,
			);
			path = Helper;
			sourceTree = "<group>";
		};
/* End PBXGroup section */

/* Begin PBXNativeTarget section */
		D62638572C207DB100AFE74A /* SwiftUI_Datawise_Assignment */ = {
			isa = PBXNativeTarget;
			buildConfigurationList = D626387C2C207DB300AFE74A /* Build configuration list for PBXNativeTarget "SwiftUI_Datawise_Assignment" */;
			buildPhases = (
				D62638542C207DB100AFE74A /* Sources */,
				D62638552C207DB100AFE74A /* Frameworks */,
				D62638562C207DB100AFE74A /* Resources */,
			);
			buildRules = (
			);
			dependencies = (
			);
			name = SwiftUI_Datawise_Assignment;
			packageProductDependencies = (
				D685CDE12C21B3E900C8B885 /* Alamofire */,
				D68B33912C22C8E4001E623C /* ToastUI */,
			);
			productName = SwiftUI_Datawise_Assignment;
			productReference = D62638582C207DB100AFE74A /* SwiftUI_Datawise_Assignment.app */;
			productType = "com.apple.product-type.application";
		};
		D62638672C207DB300AFE74A /* SwiftUI_Datawise_AssignmentTests */ = {
			isa = PBXNativeTarget;
			buildConfigurationList = D626387F2C207DB300AFE74A /* Build configuration list for PBXNativeTarget "SwiftUI_Datawise_AssignmentTests" */;
			buildPhases = (
				D62638642C207DB300AFE74A /* Sources */,
				D62638652C207DB300AFE74A /* Frameworks */,
				D62638662C207DB300AFE74A /* Resources */,
			);
			buildRules = (
			);
			dependencies = (
				D626386A2C207DB300AFE74A /* PBXTargetDependency */,
			);
			name = SwiftUI_Datawise_AssignmentTests;
			productName = SwiftUI_Datawise_AssignmentTests;
			productReference = D62638682C207DB300AFE74A /* SwiftUI_Datawise_AssignmentTests.xctest */;
			productType = "com.apple.product-type.bundle.unit-test";
		};
		D62638712C207DB300AFE74A /* SwiftUI_Datawise_AssignmentUITests */ = {
			isa = PBXNativeTarget;
			buildConfigurationList = D62638822C207DB300AFE74A /* Build configuration list for PBXNativeTarget "SwiftUI_Datawise_AssignmentUITests" */;
			buildPhases = (
				D626386E2C207DB300AFE74A /* Sources */,
				D626386F2C207DB300AFE74A /* Frameworks */,
				D62638702C207DB300AFE74A /* Resources */,
			);
			buildRules = (
			);
			dependencies = (
				D62638742C207DB300AFE74A /* PBXTargetDependency */,
			);
			name = SwiftUI_Datawise_AssignmentUITests;
			productName = SwiftUI_Datawise_AssignmentUITests;
			productReference = D62638722C207DB300AFE74A /* SwiftUI_Datawise_AssignmentUITests.xctest */;
			productType = "com.apple.product-type.bundle.ui-testing";
		};
/* End PBXNativeTarget section */

/* Begin PBXProject section */
		D62638502C207DB100AFE74A /* Project object */ = {
			isa = PBXProject;
			attributes = {
				BuildIndependentTargetsInParallel = 1;
				LastSwiftUpdateCheck = 1540;
				LastUpgradeCheck = 1540;
				TargetAttributes = {
					D62638572C207DB100AFE74A = {
						CreatedOnToolsVersion = 15.4;
					};
					D62638672C207DB300AFE74A = {
						CreatedOnToolsVersion = 15.4;
						TestTargetID = D62638572C207DB100AFE74A;
					};
					D62638712C207DB300AFE74A = {
						CreatedOnToolsVersion = 15.4;
						TestTargetID = D62638572C207DB100AFE74A;
					};
				};
			};
			buildConfigurationList = D62638532C207DB100AFE74A /* Build configuration list for PBXProject "SwiftUI_Datawise_Assignment" */;
			compatibilityVersion = "Xcode 14.0";
			developmentRegion = en;
			hasScannedForEncodings = 0;
			knownRegions = (
				en,
				Base,
			);
			mainGroup = D626384F2C207DB100AFE74A;
			packageReferences = (
				D685CDE02C21B3E900C8B885 /* XCRemoteSwiftPackageReference "Alamofire" */,
				D68B33902C22C8E3001E623C /* XCRemoteSwiftPackageReference "ToastUI" */,
			);
			productRefGroup = D62638592C207DB100AFE74A /* Products */;
			projectDirPath = "";
			projectRoot = "";
			targets = (
				D62638572C207DB100AFE74A /* SwiftUI_Datawise_Assignment */,
				D62638672C207DB300AFE74A /* SwiftUI_Datawise_AssignmentTests */,
				D62638712C207DB300AFE74A /* SwiftUI_Datawise_AssignmentUITests */,
			);
		};
/* End PBXProject section */

/* Begin PBXResourcesBuildPhase section */
		D62638562C207DB100AFE74A /* Resources */ = {
			isa = PBXResourcesBuildPhase;
			buildActionMask = 2147483647;
			files = (
				D62638632C207DB300AFE74A /* Preview Assets.xcassets in Resources */,
				D62638602C207DB300AFE74A /* Assets.xcassets in Resources */,
				D69B38A52C2371FC0038E8DE /* LaunchScreen.storyboard in Resources */,
			);
			runOnlyForDeploymentPostprocessing = 0;
		};
		D62638662C207DB300AFE74A /* Resources */ = {
			isa = PBXResourcesBuildPhase;
			buildActionMask = 2147483647;
			files = (
			);
			runOnlyForDeploymentPostprocessing = 0;
		};
		D62638702C207DB300AFE74A /* Resources */ = {
			isa = PBXResourcesBuildPhase;
			buildActionMask = 2147483647;
			files = (
			);
			runOnlyForDeploymentPostprocessing = 0;
		};
/* End PBXResourcesBuildPhase section */

/* Begin PBXSourcesBuildPhase section */
		D62638542C207DB100AFE74A /* Sources */ = {
			isa = PBXSourcesBuildPhase;
			buildActionMask = 2147483647;
			files = (
				D626385E2C207DB100AFE74A /* ContentView.swift in Sources */,
				D69C0AA62C21CBF100522244 /* RequestBuilder.swift in Sources */,
				D68B33942C22D2D2001E623C /* CurrentDayWeather.swift in Sources */,
				D685CDDA2C21A20700C8B885 /* WeatherButton.swift in Sources */,
				D626385C2C207DB100AFE74A /* SwiftUI_Datawise_AssignmentApp.swift in Sources */,
				D6EA96B22C36D69A004AAADA /* BottomButton.swift in Sources */,
				D6EA96AC2C36D27C004AAADA /* ArrowsView.swift in Sources */,
				D685CDDF2C21B27300C8B885 /* Model.swift in Sources */,
				D6EA96AE2C36D405004AAADA /* StatusWeather.swift in Sources */,
				D69C0AA82C21CC2200522244 /* FetchWeatherData.swift in Sources */,
				D68B338D2C22B412001E623C /* ChartView.swift in Sources */,
				D685CDD82C21A1E900C8B885 /* WeatherDay.swift in Sources */,
				D680D5272C222460001F93CE /* FetchWeatherDataViewModel.swift in Sources */,
				D685CDD12C21A12800C8B885 /* BackgroundView.swift in Sources */,
				D685CDCF2C21A0F800C8B885 /* WeatherDayView.swift in Sources */,
				D6EA96B42C36D6DC004AAADA /* ConditionWeather.swift in Sources */,
				D6EA96B02C36D56A004AAADA /* BottomChartView.swift in Sources */,
				D687506D2C231AFD00068456 /* GridModel.swift in Sources */,
				D69C0AAA2C21D7A600522244 /* Helper.swift in Sources */,
			);
			runOnlyForDeploymentPostprocessing = 0;
		};
		D62638642C207DB300AFE74A /* Sources */ = {
			isa = PBXSourcesBuildPhase;
			buildActionMask = 2147483647;
			files = (
				D626386D2C207DB300AFE74A /* SwiftUI_Datawise_AssignmentTests.swift in Sources */,
			);
			runOnlyForDeploymentPostprocessing = 0;
		};
		D626386E2C207DB300AFE74A /* Sources */ = {
			isa = PBXSourcesBuildPhase;
			buildActionMask = 2147483647;
			files = (
				D62638772C207DB300AFE74A /* SwiftUI_Datawise_AssignmentUITests.swift in Sources */,
				D62638792C207DB300AFE74A /* SwiftUI_Datawise_AssignmentUITestsLaunchTests.swift in Sources */,
			);
			runOnlyForDeploymentPostprocessing = 0;
		};
/* End PBXSourcesBuildPhase section */

/* Begin PBXTargetDependency section */
		D626386A2C207DB300AFE74A /* PBXTargetDependency */ = {
			isa = PBXTargetDependency;
			target = D62638572C207DB100AFE74A /* SwiftUI_Datawise_Assignment */;
			targetProxy = D62638692C207DB300AFE74A /* PBXContainerItemProxy */;
		};
		D62638742C207DB300AFE74A /* PBXTargetDependency */ = {
			isa = PBXTargetDependency;
			target = D62638572C207DB100AFE74A /* SwiftUI_Datawise_Assignment */;
			targetProxy = D62638732C207DB300AFE74A /* PBXContainerItemProxy */;
		};
/* End PBXTargetDependency section */

/* Begin XCBuildConfiguration section */
		D626387A2C207DB300AFE74A /* Debug */ = {
			isa = XCBuildConfiguration;
			buildSettings = {
				ALWAYS_SEARCH_USER_PATHS = NO;
				ASSETCATALOG_COMPILER_GENERATE_SWIFT_ASSET_SYMBOL_EXTENSIONS = YES;
				CLANG_ANALYZER_NONNULL = YES;
				CLANG_ANALYZER_NUMBER_OBJECT_CONVERSION = YES_AGGRESSIVE;
				CLANG_CXX_LANGUAGE_STANDARD = "gnu++20";
				CLANG_ENABLE_MODULES = YES;
				CLANG_ENABLE_OBJC_ARC = YES;
				CLANG_ENABLE_OBJC_WEAK = YES;
				CLANG_WARN_BLOCK_CAPTURE_AUTORELEASING = YES;
				CLANG_WARN_BOOL_CONVERSION = YES;
				CLANG_WARN_COMMA = YES;
				CLANG_WARN_CONSTANT_CONVERSION = YES;
				CLANG_WARN_DEPRECATED_OBJC_IMPLEMENTATIONS = YES;
				CLANG_WARN_DIRECT_OBJC_ISA_USAGE = YES_ERROR;
				CLANG_WARN_DOCUMENTATION_COMMENTS = YES;
				CLANG_WARN_EMPTY_BODY = YES;
				CLANG_WARN_ENUM_CONVERSION = YES;
				CLANG_WARN_INFINITE_RECURSION = YES;
				CLANG_WARN_INT_CONVERSION = YES;
				CLANG_WARN_NON_LITERAL_NULL_CONVERSION = YES;
				CLANG_WARN_OBJC_IMPLICIT_RETAIN_SELF = YES;
				CLANG_WARN_OBJC_LITERAL_CONVERSION = YES;
				CLANG_WARN_OBJC_ROOT_CLASS = YES_ERROR;
				CLANG_WARN_QUOTED_INCLUDE_IN_FRAMEWORK_HEADER = YES;
				CLANG_WARN_RANGE_LOOP_ANALYSIS = YES;
				CLANG_WARN_STRICT_PROTOTYPES = YES;
				CLANG_WARN_SUSPICIOUS_MOVE = YES;
				CLANG_WARN_UNGUARDED_AVAILABILITY = YES_AGGRESSIVE;
				CLANG_WARN_UNREACHABLE_CODE = YES;
				CLANG_WARN__DUPLICATE_METHOD_MATCH = YES;
				COPY_PHASE_STRIP = NO;
				DEBUG_INFORMATION_FORMAT = dwarf;
				ENABLE_STRICT_OBJC_MSGSEND = YES;
				ENABLE_TESTABILITY = YES;
				ENABLE_USER_SCRIPT_SANDBOXING = YES;
				GCC_C_LANGUAGE_STANDARD = gnu17;
				GCC_DYNAMIC_NO_PIC = NO;
				GCC_NO_COMMON_BLOCKS = YES;
				GCC_OPTIMIZATION_LEVEL = 0;
				GCC_PREPROCESSOR_DEFINITIONS = (
					"DEBUG=1",
					"$(inherited)",
				);
				GCC_WARN_64_TO_32_BIT_CONVERSION = YES;
				GCC_WARN_ABOUT_RETURN_TYPE = YES_ERROR;
				GCC_WARN_UNDECLARED_SELECTOR = YES;
				GCC_WARN_UNINITIALIZED_AUTOS = YES_AGGRESSIVE;
				GCC_WARN_UNUSED_FUNCTION = YES;
				GCC_WARN_UNUSED_VARIABLE = YES;
				IPHONEOS_DEPLOYMENT_TARGET = 17.5;
				LOCALIZATION_PREFERS_STRING_CATALOGS = YES;
				MTL_ENABLE_DEBUG_INFO = INCLUDE_SOURCE;
				MTL_FAST_MATH = YES;
				ONLY_ACTIVE_ARCH = YES;
				SDKROOT = iphoneos;
				SWIFT_ACTIVE_COMPILATION_CONDITIONS = "DEBUG $(inherited)";
				SWIFT_OPTIMIZATION_LEVEL = "-Onone";
			};
			name = Debug;
		};
		D626387B2C207DB300AFE74A /* Release */ = {
			isa = XCBuildConfiguration;
			buildSettings = {
				ALWAYS_SEARCH_USER_PATHS = NO;
				ASSETCATALOG_COMPILER_GENERATE_SWIFT_ASSET_SYMBOL_EXTENSIONS = YES;
				CLANG_ANALYZER_NONNULL = YES;
				CLANG_ANALYZER_NUMBER_OBJECT_CONVERSION = YES_AGGRESSIVE;
				CLANG_CXX_LANGUAGE_STANDARD = "gnu++20";
				CLANG_ENABLE_MODULES = YES;
				CLANG_ENABLE_OBJC_ARC = YES;
				CLANG_ENABLE_OBJC_WEAK = YES;
				CLANG_WARN_BLOCK_CAPTURE_AUTORELEASING = YES;
				CLANG_WARN_BOOL_CONVERSION = YES;
				CLANG_WARN_COMMA = YES;
				CLANG_WARN_CONSTANT_CONVERSION = YES;
				CLANG_WARN_DEPRECATED_OBJC_IMPLEMENTATIONS = YES;
				CLANG_WARN_DIRECT_OBJC_ISA_USAGE = YES_ERROR;
				CLANG_WARN_DOCUMENTATION_COMMENTS = YES;
				CLANG_WARN_EMPTY_BODY = YES;
				CLANG_WARN_ENUM_CONVERSION = YES;
				CLANG_WARN_INFINITE_RECURSION = YES;
				CLANG_WARN_INT_CONVERSION = YES;
				CLANG_WARN_NON_LITERAL_NULL_CONVERSION = YES;
				CLANG_WARN_OBJC_IMPLICIT_RETAIN_SELF = YES;
				CLANG_WARN_OBJC_LITERAL_CONVERSION = YES;
				CLANG_WARN_OBJC_ROOT_CLASS = YES_ERROR;
				CLANG_WARN_QUOTED_INCLUDE_IN_FRAMEWORK_HEADER = YES;
				CLANG_WARN_RANGE_LOOP_ANALYSIS = YES;
				CLANG_WARN_STRICT_PROTOTYPES = YES;
				CLANG_WARN_SUSPICIOUS_MOVE = YES;
				CLANG_WARN_UNGUARDED_AVAILABILITY = YES_AGGRESSIVE;
				CLANG_WARN_UNREACHABLE_CODE = YES;
				CLANG_WARN__DUPLICATE_METHOD_MATCH = YES;
				COPY_PHASE_STRIP = NO;
				DEBUG_INFORMATION_FORMAT = "dwarf-with-dsym";
				ENABLE_NS_ASSERTIONS = NO;
				ENABLE_STRICT_OBJC_MSGSEND = YES;
				ENABLE_USER_SCRIPT_SANDBOXING = YES;
				GCC_C_LANGUAGE_STANDARD = gnu17;
				GCC_NO_COMMON_BLOCKS = YES;
				GCC_WARN_64_TO_32_BIT_CONVERSION = YES;
				GCC_WARN_ABOUT_RETURN_TYPE = YES_ERROR;
				GCC_WARN_UNDECLARED_SELECTOR = YES;
				GCC_WARN_UNINITIALIZED_AUTOS = YES_AGGRESSIVE;
				GCC_WARN_UNUSED_FUNCTION = YES;
				GCC_WARN_UNUSED_VARIABLE = YES;
				IPHONEOS_DEPLOYMENT_TARGET = 17.5;
				LOCALIZATION_PREFERS_STRING_CATALOGS = YES;
				MTL_ENABLE_DEBUG_INFO = NO;
				MTL_FAST_MATH = YES;
				SDKROOT = iphoneos;
				SWIFT_COMPILATION_MODE = wholemodule;
				VALIDATE_PRODUCT = YES;
			};
			name = Release;
		};
		D626387D2C207DB300AFE74A /* Debug */ = {
			isa = XCBuildConfiguration;
			buildSettings = {
				ASSETCATALOG_COMPILER_APPICON_NAME = AppIcon;
				ASSETCATALOG_COMPILER_GLOBAL_ACCENT_COLOR_NAME = AccentColor;
				CODE_SIGN_STYLE = Automatic;
				CURRENT_PROJECT_VERSION = 1;
				DEVELOPMENT_ASSET_PATHS = "\"SwiftUI_Datawise_Assignment/Preview Content\"";
				DEVELOPMENT_TEAM = K6LJCT8RAA;
				ENABLE_PREVIEWS = YES;
				GENERATE_INFOPLIST_FILE = YES;
				INFOPLIST_FILE = "SwiftUI-Datawise-Assignment-Info.plist";
				INFOPLIST_KEY_CFBundleDisplayName = WeatherApp;
				INFOPLIST_KEY_UIApplicationSceneManifest_Generation = YES;
				INFOPLIST_KEY_UIApplicationSupportsIndirectInputEvents = YES;
				INFOPLIST_KEY_UILaunchScreen_Generation = YES;
				INFOPLIST_KEY_UILaunchStoryboardName = LaunchScreen.storyboard;
				INFOPLIST_KEY_UISupportedInterfaceOrientations_iPad = "UIInterfaceOrientationPortrait UIInterfaceOrientationPortraitUpsideDown UIInterfaceOrientationLandscapeLeft UIInterfaceOrientationLandscapeRight";
				INFOPLIST_KEY_UISupportedInterfaceOrientations_iPhone = "UIInterfaceOrientationPortrait UIInterfaceOrientationLandscapeLeft UIInterfaceOrientationLandscapeRight";
				LD_RUNPATH_SEARCH_PATHS = (
					"$(inherited)",
					"@executable_path/Frameworks",
				);
				MARKETING_VERSION = 1.0;
				PRODUCT_BUNDLE_IDENTIFIER = "com.template.SwiftUI-Datawise-Assignment";
				PRODUCT_NAME = "$(TARGET_NAME)";
				SWIFT_EMIT_LOC_STRINGS = YES;
				SWIFT_VERSION = 5.0;
				TARGETED_DEVICE_FAMILY = "1,2";
			};
			name = Debug;
		};
		D626387E2C207DB300AFE74A /* Release */ = {
			isa = XCBuildConfiguration;
			buildSettings = {
				ASSETCATALOG_COMPILER_APPICON_NAME = AppIcon;
				ASSETCATALOG_COMPILER_GLOBAL_ACCENT_COLOR_NAME = AccentColor;
				CODE_SIGN_STYLE = Automatic;
				CURRENT_PROJECT_VERSION = 1;
				DEVELOPMENT_ASSET_PATHS = "\"SwiftUI_Datawise_Assignment/Preview Content\"";
				DEVELOPMENT_TEAM = K6LJCT8RAA;
				ENABLE_PREVIEWS = YES;
				GENERATE_INFOPLIST_FILE = YES;
				INFOPLIST_FILE = "SwiftUI-Datawise-Assignment-Info.plist";
				INFOPLIST_KEY_CFBundleDisplayName = WeatherApp;
				INFOPLIST_KEY_UIApplicationSceneManifest_Generation = YES;
				INFOPLIST_KEY_UIApplicationSupportsIndirectInputEvents = YES;
				INFOPLIST_KEY_UILaunchScreen_Generation = YES;
				INFOPLIST_KEY_UILaunchStoryboardName = LaunchScreen.storyboard;
				INFOPLIST_KEY_UISupportedInterfaceOrientations_iPad = "UIInterfaceOrientationPortrait UIInterfaceOrientationPortraitUpsideDown UIInterfaceOrientationLandscapeLeft UIInterfaceOrientationLandscapeRight";
				INFOPLIST_KEY_UISupportedInterfaceOrientations_iPhone = "UIInterfaceOrientationPortrait UIInterfaceOrientationLandscapeLeft UIInterfaceOrientationLandscapeRight";
				LD_RUNPATH_SEARCH_PATHS = (
					"$(inherited)",
					"@executable_path/Frameworks",
				);
				MARKETING_VERSION = 1.0;
				PRODUCT_BUNDLE_IDENTIFIER = "com.template.SwiftUI-Datawise-Assignment";
				PRODUCT_NAME = "$(TARGET_NAME)";
				SWIFT_EMIT_LOC_STRINGS = YES;
				SWIFT_VERSION = 5.0;
				TARGETED_DEVICE_FAMILY = "1,2";
			};
			name = Release;
		};
		D62638802C207DB300AFE74A /* Debug */ = {
			isa = XCBuildConfiguration;
			buildSettings = {
				ALWAYS_EMBED_SWIFT_STANDARD_LIBRARIES = YES;
				BUNDLE_LOADER = "$(TEST_HOST)";
				CODE_SIGN_STYLE = Automatic;
				CURRENT_PROJECT_VERSION = 1;
				DEVELOPMENT_TEAM = K6LJCT8RAA;
				GENERATE_INFOPLIST_FILE = YES;
				IPHONEOS_DEPLOYMENT_TARGET = 17.5;
				MARKETING_VERSION = 1.0;
				PRODUCT_BUNDLE_IDENTIFIER = "com.template.SwiftUI-Datawise-AssignmentTests";
				PRODUCT_NAME = "$(TARGET_NAME)";
				SWIFT_EMIT_LOC_STRINGS = NO;
				SWIFT_VERSION = 5.0;
				TARGETED_DEVICE_FAMILY = "1,2";
				TEST_HOST = "$(BUILT_PRODUCTS_DIR)/SwiftUI_Datawise_Assignment.app/$(BUNDLE_EXECUTABLE_FOLDER_PATH)/SwiftUI_Datawise_Assignment";
			};
			name = Debug;
		};
		D62638812C207DB300AFE74A /* Release */ = {
			isa = XCBuildConfiguration;
			buildSettings = {
				ALWAYS_EMBED_SWIFT_STANDARD_LIBRARIES = YES;
				BUNDLE_LOADER = "$(TEST_HOST)";
				CODE_SIGN_STYLE = Automatic;
				CURRENT_PROJECT_VERSION = 1;
				DEVELOPMENT_TEAM = K6LJCT8RAA;
				GENERATE_INFOPLIST_FILE = YES;
				IPHONEOS_DEPLOYMENT_TARGET = 17.5;
				MARKETING_VERSION = 1.0;
				PRODUCT_BUNDLE_IDENTIFIER = "com.template.SwiftUI-Datawise-AssignmentTests";
				PRODUCT_NAME = "$(TARGET_NAME)";
				SWIFT_EMIT_LOC_STRINGS = NO;
				SWIFT_VERSION = 5.0;
				TARGETED_DEVICE_FAMILY = "1,2";
				TEST_HOST = "$(BUILT_PRODUCTS_DIR)/SwiftUI_Datawise_Assignment.app/$(BUNDLE_EXECUTABLE_FOLDER_PATH)/SwiftUI_Datawise_Assignment";
			};
			name = Release;
		};
		D62638832C207DB300AFE74A /* Debug */ = {
			isa = XCBuildConfiguration;
			buildSettings = {
				ALWAYS_EMBED_SWIFT_STANDARD_LIBRARIES = YES;
				CODE_SIGN_STYLE = Automatic;
				CURRENT_PROJECT_VERSION = 1;
				DEVELOPMENT_TEAM = K6LJCT8RAA;
				GENERATE_INFOPLIST_FILE = YES;
				MARKETING_VERSION = 1.0;
				PRODUCT_BUNDLE_IDENTIFIER = "com.template.SwiftUI-Datawise-AssignmentUITests";
				PRODUCT_NAME = "$(TARGET_NAME)";
				SWIFT_EMIT_LOC_STRINGS = NO;
				SWIFT_VERSION = 5.0;
				TARGETED_DEVICE_FAMILY = "1,2";
				TEST_TARGET_NAME = SwiftUI_Datawise_Assignment;
			};
			name = Debug;
		};
		D62638842C207DB300AFE74A /* Release */ = {
			isa = XCBuildConfiguration;
			buildSettings = {
				ALWAYS_EMBED_SWIFT_STANDARD_LIBRARIES = YES;
				CODE_SIGN_STYLE = Automatic;
				CURRENT_PROJECT_VERSION = 1;
				DEVELOPMENT_TEAM = K6LJCT8RAA;
				GENERATE_INFOPLIST_FILE = YES;
				MARKETING_VERSION = 1.0;
				PRODUCT_BUNDLE_IDENTIFIER = "com.template.SwiftUI-Datawise-AssignmentUITests";
				PRODUCT_NAME = "$(TARGET_NAME)";
				SWIFT_EMIT_LOC_STRINGS = NO;
				SWIFT_VERSION = 5.0;
				TARGETED_DEVICE_FAMILY = "1,2";
				TEST_TARGET_NAME = SwiftUI_Datawise_Assignment;
			};
			name = Release;
		};
/* End XCBuildConfiguration section */

/* Begin XCConfigurationList section */
		D62638532C207DB100AFE74A /* Build configuration list for PBXProject "SwiftUI_Datawise_Assignment" */ = {
			isa = XCConfigurationList;
			buildConfigurations = (
				D626387A2C207DB300AFE74A /* Debug */,
				D626387B2C207DB300AFE74A /* Release */,
			);
			defaultConfigurationIsVisible = 0;
			defaultConfigurationName = Release;
		};
		D626387C2C207DB300AFE74A /* Build configuration list for PBXNativeTarget "SwiftUI_Datawise_Assignment" */ = {
			isa = XCConfigurationList;
			buildConfigurations = (
				D626387D2C207DB300AFE74A /* Debug */,
				D626387E2C207DB300AFE74A /* Release */,
			);
			defaultConfigurationIsVisible = 0;
			defaultConfigurationName = Release;
		};
		D626387F2C207DB300AFE74A /* Build configuration list for PBXNativeTarget "SwiftUI_Datawise_AssignmentTests" */ = {
			isa = XCConfigurationList;
			buildConfigurations = (
				D62638802C207DB300AFE74A /* Debug */,
				D62638812C207DB300AFE74A /* Release */,
			);
			defaultConfigurationIsVisible = 0;
			defaultConfigurationName = Release;
		};
		D62638822C207DB300AFE74A /* Build configuration list for PBXNativeTarget "SwiftUI_Datawise_AssignmentUITests" */ = {
			isa = XCConfigurationList;
			buildConfigurations = (
				D62638832C207DB300AFE74A /* Debug */,
				D62638842C207DB300AFE74A /* Release */,
			);
			defaultConfigurationIsVisible = 0;
			defaultConfigurationName = Release;
		};
/* End XCConfigurationList section */

/* Begin XCRemoteSwiftPackageReference section */
		D685CDE02C21B3E900C8B885 /* XCRemoteSwiftPackageReference "Alamofire" */ = {
			isa = XCRemoteSwiftPackageReference;
			repositoryURL = "https://github.com/Alamofire/Alamofire.git";
			requirement = {
				kind = upToNextMajorVersion;
				minimumVersion = 5.9.1;
			};
		};
		D68B33902C22C8E3001E623C /* XCRemoteSwiftPackageReference "ToastUI" */ = {
			isa = XCRemoteSwiftPackageReference;
			repositoryURL = "https://github.com/quanshousio/ToastUI.git";
			requirement = {
				kind = upToNextMajorVersion;
				minimumVersion = 3.0.1;
			};
		};
/* End XCRemoteSwiftPackageReference section */

/* Begin XCSwiftPackageProductDependency section */
		D685CDE12C21B3E900C8B885 /* Alamofire */ = {
			isa = XCSwiftPackageProductDependency;
			package = D685CDE02C21B3E900C8B885 /* XCRemoteSwiftPackageReference "Alamofire" */;
			productName = Alamofire;
		};
		D68B33912C22C8E4001E623C /* ToastUI */ = {
			isa = XCSwiftPackageProductDependency;
			package = D68B33902C22C8E3001E623C /* XCRemoteSwiftPackageReference "ToastUI" */;
			productName = ToastUI;
		};
/* End XCSwiftPackageProductDependency section */
	};
	rootObject = D62638502C207DB100AFE74A /* Project object */;
}
